
Microsoft Visual Studio Solution File, Format Version 12.00
# Visual Studio 15
VisualStudioVersion = 15.0.26124.0
MinimumVisualStudioVersion = 15.0.26124.0
Project("{FAE04EC0-301F-11D3-BF4B-00C04F79EFBC}") = "ProEventos.Application", "ProEventos.Application\ProEventos.Application.csproj", "{C91E8345-8702-46DB-B5C7-8404884768FC}"
EndProject
Project("{FAE04EC0-301F-11D3-BF4B-00C04F79EFBC}") = "ProEventos.Domain", "ProEventos.Domain\ProEventos.Domain.csproj", "{769B17BE-D317-4DA8-BE94-B6947D30203D}"
EndProject
Project("{FAE04EC0-301F-11D3-BF4B-00C04F79EFBC}") = "ProEventos.API", "ProEventos.API\ProEventos.API.csproj", "{CD021390-FE73-42AB-8F02-44D50919C606}"
EndProject
Project("{FAE04EC0-301F-11D3-BF4B-00C04F79EFBC}") = "ProEventos.Persistence", "ProEventos.Persistence\ProEventos.Persistence.csproj", "{22167879-8828-4EE5-819D-1C0E2863C13E}"
EndProject
Global
	GlobalSection(SolutionConfigurationPlatforms) = preSolution
		Debug|Any CPU = Debug|Any CPU
		Debug|x64 = Debug|x64
		Debug|x86 = Debug|x86
		Release|Any CPU = Release|Any CPU
		Release|x64 = Release|x64
		Release|x86 = Release|x86
	EndGlobalSection
	GlobalSection(SolutionProperties) = preSolution
		HideSolutionNode = FALSE
	EndGlobalSection
	GlobalSection(ProjectConfigurationPlatforms) = postSolution
		{C91E8345-8702-46DB-B5C7-8404884768FC}.Debug|Any CPU.ActiveCfg = Debug|Any CPU
		{C91E8345-8702-46DB-B5C7-8404884768FC}.Debug|Any CPU.Build.0 = Debug|Any CPU
		{C91E8345-8702-46DB-B5C7-8404884768FC}.Debug|x64.ActiveCfg = Debug|Any CPU
		{C91E8345-8702-46DB-B5C7-8404884768FC}.Debug|x64.Build.0 = Debug|Any CPU
		{C91E8345-8702-46DB-B5C7-8404884768FC}.Debug|x86.ActiveCfg = Debug|Any CPU
		{C91E8345-8702-46DB-B5C7-8404884768FC}.Debug|x86.Build.0 = Debug|Any CPU
		{C91E8345-8702-46DB-B5C7-8404884768FC}.Release|Any CPU.ActiveCfg = Release|Any CPU
		{C91E8345-8702-46DB-B5C7-8404884768FC}.Release|Any CPU.Build.0 = Release|Any CPU
		{C91E8345-8702-46DB-B5C7-8404884768FC}.Release|x64.ActiveCfg = Release|Any CPU
		{C91E8345-8702-46DB-B5C7-8404884768FC}.Release|x64.Build.0 = Release|Any CPU
		{C91E8345-8702-46DB-B5C7-8404884768FC}.Release|x86.ActiveCfg = Release|Any CPU
		{C91E8345-8702-46DB-B5C7-8404884768FC}.Release|x86.Build.0 = Release|Any CPU
		{769B17BE-D317-4DA8-BE94-B6947D30203D}.Debug|Any CPU.ActiveCfg = Debug|Any CPU
		{769B17BE-D317-4DA8-BE94-B6947D30203D}.Debug|Any CPU.Build.0 = Debug|Any CPU
		{769B17BE-D317-4DA8-BE94-B6947D30203D}.Debug|x64.ActiveCfg = Debug|Any CPU
		{769B17BE-D317-4DA8-BE94-B6947D30203D}.Debug|x64.Build.0 = Debug|Any CPU
		{769B17BE-D317-4DA8-BE94-B6947D30203D}.Debug|x86.ActiveCfg = Debug|Any CPU
		{769B17BE-D317-4DA8-BE94-B6947D30203D}.Debug|x86.Build.0 = Debug|Any CPU
		{769B17BE-D317-4DA8-BE94-B6947D30203D}.Release|Any CPU.ActiveCfg = Release|Any CPU
		{769B17BE-D317-4DA8-BE94-B6947D30203D}.Release|Any CPU.Build.0 = Release|Any CPU
		{769B17BE-D317-4DA8-BE94-B6947D30203D}.Release|x64.ActiveCfg = Release|Any CPU
		{769B17BE-D317-4DA8-BE94-B6947D30203D}.Release|x64.Build.0 = Release|Any CPU
		{769B17BE-D317-4DA8-BE94-B6947D30203D}.Release|x86.ActiveCfg = Release|Any CPU
		{769B17BE-D317-4DA8-BE94-B6947D30203D}.Release|x86.Build.0 = Release|Any CPU
		{CD021390-FE73-42AB-8F02-44D50919C606}.Debug|Any CPU.ActiveCfg = Debug|Any CPU
		{CD021390-FE73-42AB-8F02-44D50919C606}.Debug|Any CPU.Build.0 = Debug|Any CPU
		{CD021390-FE73-42AB-8F02-44D50919C606}.Debug|x64.ActiveCfg = Debug|Any CPU
		{CD021390-FE73-42AB-8F02-44D50919C606}.Debug|x64.Build.0 = Debug|Any CPU
		{CD021390-FE73-42AB-8F02-44D50919C606}.Debug|x86.ActiveCfg = Debug|Any CPU
		{CD021390-FE73-42AB-8F02-44D50919C606}.Debug|x86.Build.0 = Debug|Any CPU
		{CD021390-FE73-42AB-8F02-44D50919C606}.Release|Any CPU.ActiveCfg = Release|Any CPU
		{CD021390-FE73-42AB-8F02-44D50919C606}.Release|Any CPU.Build.0 = Release|Any CPU
		{CD021390-FE73-42AB-8F02-44D50919C606}.Release|x64.ActiveCfg = Release|Any CPU
		{CD021390-FE73-42AB-8F02-44D50919C606}.Release|x64.Build.0 = Release|Any CPU
		{CD021390-FE73-42AB-8F02-44D50919C606}.Release|x86.ActiveCfg = Release|Any CPU
		{CD021390-FE73-42AB-8F02-44D50919C606}.Release|x86.Build.0 = Release|Any CPU
		{22167879-8828-4EE5-819D-1C0E2863C13E}.Debug|Any CPU.ActiveCfg = Debug|Any CPU
		{22167879-8828-4EE5-819D-1C0E2863C13E}.Debug|Any CPU.Build.0 = Debug|Any CPU
		{22167879-8828-4EE5-819D-1C0E2863C13E}.Debug|x64.ActiveCfg = Debug|Any CPU
		{22167879-8828-4EE5-819D-1C0E2863C13E}.Debug|x64.Build.0 = Debug|Any CPU
		{22167879-8828-4EE5-819D-1C0E2863C13E}.Debug|x86.ActiveCfg = Debug|Any CPU
		{22167879-8828-4EE5-819D-1C0E2863C13E}.Debug|x86.Build.0 = Debug|Any CPU
		{22167879-8828-4EE5-819D-1C0E2863C13E}.Release|Any CPU.ActiveCfg = Release|Any CPU
		{22167879-8828-4EE5-819D-1C0E2863C13E}.Release|Any CPU.Build.0 = Release|Any CPU
		{22167879-8828-4EE5-819D-1C0E2863C13E}.Release|x64.ActiveCfg = Release|Any CPU
		{22167879-8828-4EE5-819D-1C0E2863C13E}.Release|x64.Build.0 = Release|Any CPU
		{22167879-8828-4EE5-819D-1C0E2863C13E}.Release|x86.ActiveCfg = Release|Any CPU
		{22167879-8828-4EE5-819D-1C0E2863C13E}.Release|x86.Build.0 = Release|Any CPU
	EndGlobalSection
EndGlobal
